// !$*UTF8*$!
{
	archiveVersion = 1;
	classes = {
	};
	objectVersion = 50;
	objects = {

/* Begin PBXBuildFile section */
		4AA8966826493AF4007F7FEC /* AppDelegate.swift in Sources */ = {isa = PBXBuildFile; fileRef = 4AA8966726493AF4007F7FEC /* AppDelegate.swift */; };
		4AA8966A26493AF4007F7FEC /* SceneDelegate.swift in Sources */ = {isa = PBXBuildFile; fileRef = 4AA8966926493AF4007F7FEC /* SceneDelegate.swift */; };
		4AA8966C26493AF4007F7FEC /* ViewController.swift in Sources */ = {isa = PBXBuildFile; fileRef = 4AA8966B26493AF4007F7FEC /* ViewController.swift */; };
		4AA8966F26493AF4007F7FEC /* Main.storyboard in Resources */ = {isa = PBXBuildFile; fileRef = 4AA8966D26493AF4007F7FEC /* Main.storyboard */; };
		4AA8967126493AF5007F7FEC /* Assets.xcassets in Resources */ = {isa = PBXBuildFile; fileRef = 4AA8967026493AF5007F7FEC /* Assets.xcassets */; };
		4AA8967426493AF5007F7FEC /* LaunchScreen.storyboard in Resources */ = {isa = PBXBuildFile; fileRef = 4AA8967226493AF5007F7FEC /* LaunchScreen.storyboard */; };
		4AA8967F26493AF5007F7FEC /* SpaceXTests.swift in Sources */ = {isa = PBXBuildFile; fileRef = 4AA8967E26493AF5007F7FEC /* SpaceXTests.swift */; };
		4AA8968A26493AF5007F7FEC /* SpaceXUITests.swift in Sources */ = {isa = PBXBuildFile; fileRef = 4AA8968926493AF5007F7FEC /* SpaceXUITests.swift */; };
/* End PBXBuildFile section */

/* Begin PBXContainerItemProxy section */
		4AA8967B26493AF5007F7FEC /* PBXContainerItemProxy */ = {
			isa = PBXContainerItemProxy;
			containerPortal = 4AA8965C26493AF4007F7FEC /* Project object */;
			proxyType = 1;
			remoteGlobalIDString = 4AA8966326493AF4007F7FEC;
			remoteInfo = SpaceX;
		};
		4AA8968626493AF5007F7FEC /* PBXContainerItemProxy */ = {
			isa = PBXContainerItemProxy;
			containerPortal = 4AA8965C26493AF4007F7FEC /* Project object */;
			proxyType = 1;
			remoteGlobalIDString = 4AA8966326493AF4007F7FEC;
			remoteInfo = SpaceX;
		};
/* End PBXContainerItemProxy section */

/* Begin PBXFileReference section */
		4AA8966426493AF4007F7FEC /* SpaceX.app */ = {isa = PBXFileReference; explicitFileType = wrapper.application; includeInIndex = 0; path = SpaceX.app; sourceTree = BUILT_PRODUCTS_DIR; };
		4AA8966726493AF4007F7FEC /* AppDelegate.swift */ = {isa = PBXFileReference; lastKnownFileType = sourcecode.swift; path = AppDelegate.swift; sourceTree = "<group>"; };
		4AA8966926493AF4007F7FEC /* SceneDelegate.swift */ = {isa = PBXFileReference; lastKnownFileType = sourcecode.swift; path = SceneDelegate.swift; sourceTree = "<group>"; };
		4AA8966B26493AF4007F7FEC /* ViewController.swift */ = {isa = PBXFileReference; lastKnownFileType = sourcecode.swift; path = ViewController.swift; sourceTree = "<group>"; };
		4AA8966E26493AF4007F7FEC /* Base */ = {isa = PBXFileReference; lastKnownFileType = file.storyboard; name = Base; path = Base.lproj/Main.storyboard; sourceTree = "<group>"; };
		4AA8967026493AF5007F7FEC /* Assets.xcassets */ = {isa = PBXFileReference; lastKnownFileType = folder.assetcatalog; path = Assets.xcassets; sourceTree = "<group>"; };
		4AA8967326493AF5007F7FEC /* Base */ = {isa = PBXFileReference; lastKnownFileType = file.storyboard; name = Base; path = Base.lproj/LaunchScreen.storyboard; sourceTree = "<group>"; };
		4AA8967526493AF5007F7FEC /* Info.plist */ = {isa = PBXFileReference; lastKnownFileType = text.plist.xml; path = Info.plist; sourceTree = "<group>"; };
		4AA8967A26493AF5007F7FEC /* SpaceXTests.xctest */ = {isa = PBXFileReference; explicitFileType = wrapper.cfbundle; includeInIndex = 0; path = SpaceXTests.xctest; sourceTree = BUILT_PRODUCTS_DIR; };
		4AA8967E26493AF5007F7FEC /* SpaceXTests.swift */ = {isa = PBXFileReference; lastKnownFileType = sourcecode.swift; path = SpaceXTests.swift; sourceTree = "<group>"; };
		4AA8968026493AF5007F7FEC /* Info.plist */ = {isa = PBXFileReference; lastKnownFileType = text.plist.xml; path = Info.plist; sourceTree = "<group>"; };
		4AA8968526493AF5007F7FEC /* SpaceXUITests.xctest */ = {isa = PBXFileReference; explicitFileType = wrapper.cfbundle; includeInIndex = 0; path = SpaceXUITests.xctest; sourceTree = BUILT_PRODUCTS_DIR; };
		4AA8968926493AF5007F7FEC /* SpaceXUITests.swift */ = {isa = PBXFileReference; lastKnownFileType = sourcecode.swift; path = SpaceXUITests.swift; sourceTree = "<group>"; };
		4AA8968B26493AF5007F7FEC /* Info.plist */ = {isa = PBXFileReference; lastKnownFileType = text.plist.xml; path = Info.plist; sourceTree = "<group>"; };
/* End PBXFileReference section */

/* Begin PBXFrameworksBuildPhase section */
		4AA8966126493AF4007F7FEC /* Frameworks */ = {
			isa = PBXFrameworksBuildPhase;
			buildActionMask = 2147483647;
			files = (
			);
			runOnlyForDeploymentPostprocessing = 0;
		};
		4AA8967726493AF5007F7FEC /* Frameworks */ = {
			isa = PBXFrameworksBuildPhase;
			buildActionMask = 2147483647;
			files = (
			);
			runOnlyForDeploymentPostprocessing = 0;
		};
		4AA8968226493AF5007F7FEC /* Frameworks */ = {
			isa = PBXFrameworksBuildPhase;
			buildActionMask = 2147483647;
			files = (
			);
			runOnlyForDeploymentPostprocessing = 0;
		};
/* End PBXFrameworksBuildPhase section */

/* Begin PBXGroup section */
		4AA8965B26493AF4007F7FEC = {
			isa = PBXGroup;
			children = (
				4AA8966626493AF4007F7FEC /* SpaceX */,
				4AA8967D26493AF5007F7FEC /* SpaceXTests */,
				4AA8968826493AF5007F7FEC /* SpaceXUITests */,
				4AA8966526493AF4007F7FEC /* Products */,
			);
			sourceTree = "<group>";
		};
		4AA8966526493AF4007F7FEC /* Products */ = {
			isa = PBXGroup;
			children = (
				4AA8966426493AF4007F7FEC /* SpaceX.app */,
				4AA8967A26493AF5007F7FEC /* SpaceXTests.xctest */,
				4AA8968526493AF5007F7FEC /* SpaceXUITests.xctest */,
			);
			name = Products;
			sourceTree = "<group>";
		};
		4AA8966626493AF4007F7FEC /* SpaceX */ = {
			isa = PBXGroup;
			children = (
				4AA8966726493AF4007F7FEC /* AppDelegate.swift */,
				4AA8966926493AF4007F7FEC /* SceneDelegate.swift */,
				4AA8966B26493AF4007F7FEC /* ViewController.swift */,
				4AA8966D26493AF4007F7FEC /* Main.storyboard */,
				4AA8967026493AF5007F7FEC /* Assets.xcassets */,
				4AA8967226493AF5007F7FEC /* LaunchScreen.storyboard */,
				4AA8967526493AF5007F7FEC /* Info.plist */,
			);
			path = SpaceX;
			sourceTree = "<group>";
		};
		4AA8967D26493AF5007F7FEC /* SpaceXTests */ = {
			isa = PBXGroup;
			children = (
				4AA8967E26493AF5007F7FEC /* SpaceXTests.swift */,
				4AA8968026493AF5007F7FEC /* Info.plist */,
			);
			path = SpaceXTests;
			sourceTree = "<group>";
		};
		4AA8968826493AF5007F7FEC /* SpaceXUITests */ = {
			isa = PBXGroup;
			children = (
				4AA8968926493AF5007F7FEC /* SpaceXUITests.swift */,
				4AA8968B26493AF5007F7FEC /* Info.plist */,
			);
			path = SpaceXUITests;
			sourceTree = "<group>";
		};
/* End PBXGroup section */

/* Begin PBXNativeTarget section */
		4AA8966326493AF4007F7FEC /* SpaceX */ = {
			isa = PBXNativeTarget;
			buildConfigurationList = 4AA8968E26493AF5007F7FEC /* Build configuration list for PBXNativeTarget "SpaceX" */;
			buildPhases = (
				4AA8966026493AF4007F7FEC /* Sources */,
				4AA8966126493AF4007F7FEC /* Frameworks */,
				4AA8966226493AF4007F7FEC /* Resources */,
			);
			buildRules = (
			);
			dependencies = (
			);
			name = SpaceX;
			productName = SpaceX;
			productReference = 4AA8966426493AF4007F7FEC /* SpaceX.app */;
			productType = "com.apple.product-type.application";
		};
		4AA8967926493AF5007F7FEC /* SpaceXTests */ = {
			isa = PBXNativeTarget;
			buildConfigurationList = 4AA8969126493AF5007F7FEC /* Build configuration list for PBXNativeTarget "SpaceXTests" */;
			buildPhases = (
				4AA8967626493AF5007F7FEC /* Sources */,
				4AA8967726493AF5007F7FEC /* Frameworks */,
				4AA8967826493AF5007F7FEC /* Resources */,
			);
			buildRules = (
			);
			dependencies = (
				4AA8967C26493AF5007F7FEC /* PBXTargetDependency */,
			);
			name = SpaceXTests;
			productName = SpaceXTests;
			productReference = 4AA8967A26493AF5007F7FEC /* SpaceXTests.xctest */;
			productType = "com.apple.product-type.bundle.unit-test";
		};
		4AA8968426493AF5007F7FEC /* SpaceXUITests */ = {
			isa = PBXNativeTarget;
			buildConfigurationList = 4AA8969426493AF5007F7FEC /* Build configuration list for PBXNativeTarget "SpaceXUITests" */;
			buildPhases = (
				4AA8968126493AF5007F7FEC /* Sources */,
				4AA8968226493AF5007F7FEC /* Frameworks */,
				4AA8968326493AF5007F7FEC /* Resources */,
			);
			buildRules = (
			);
			dependencies = (
				4AA8968726493AF5007F7FEC /* PBXTargetDependency */,
			);
			name = SpaceXUITests;
			productName = SpaceXUITests;
			productReference = 4AA8968526493AF5007F7FEC /* SpaceXUITests.xctest */;
			productType = "com.apple.product-type.bundle.ui-testing";
		};
/* End PBXNativeTarget section */

/* Begin PBXProject section */
		4AA8965C26493AF4007F7FEC /* Project object */ = {
			isa = PBXProject;
			attributes = {
				LastSwiftUpdateCheck = 1240;
				LastUpgradeCheck = 1240;
				TargetAttributes = {
					4AA8966326493AF4007F7FEC = {
						CreatedOnToolsVersion = 12.4;
					};
					4AA8967926493AF5007F7FEC = {
						CreatedOnToolsVersion = 12.4;
						TestTargetID = 4AA8966326493AF4007F7FEC;
					};
					4AA8968426493AF5007F7FEC = {
						CreatedOnToolsVersion = 12.4;
						TestTargetID = 4AA8966326493AF4007F7FEC;
					};
				};
			};
			buildConfigurationList = 4AA8965F26493AF4007F7FEC /* Build configuration list for PBXProject "SpaceX" */;
			compatibilityVersion = "Xcode 9.3";
			developmentRegion = en;
			hasScannedForEncodings = 0;
			knownRegions = (
				en,
				Base,
			);
			mainGroup = 4AA8965B26493AF4007F7FEC;
			productRefGroup = 4AA8966526493AF4007F7FEC /* Products */;
			projectDirPath = "";
			projectRoot = "";
			targets = (
				4AA8966326493AF4007F7FEC /* SpaceX */,
				4AA8967926493AF5007F7FEC /* SpaceXTests */,
				4AA8968426493AF5007F7FEC /* SpaceXUITests */,
			);
		};
/* End PBXProject section */

/* Begin PBXResourcesBuildPhase section */
		4AA8966226493AF4007F7FEC /* Resources */ = {
			isa = PBXResourcesBuildPhase;
			buildActionMask = 2147483647;
			files = (
				4AA8967426493AF5007F7FEC /* LaunchScreen.storyboard in Resources */,
				4AA8967126493AF5007F7FEC /* Assets.xcassets in Resources */,
				4AA8966F26493AF4007F7FEC /* Main.storyboard in Resources */,
			);
			runOnlyForDeploymentPostprocessing = 0;
		};
		4AA8967826493AF5007F7FEC /* Resources */ = {
			isa = PBXResourcesBuildPhase;
			buildActionMask = 2147483647;
			files = (
			);
			runOnlyForDeploymentPostprocessing = 0;
		};
		4AA8968326493AF5007F7FEC /* Resources */ = {
			isa = PBXResourcesBuildPhase;
			buildActionMask = 2147483647;
			files = (
			);
			runOnlyForDeploymentPostprocessing = 0;
		};
/* End PBXResourcesBuildPhase section */

/* Begin PBXSourcesBuildPhase section */
		4AA8966026493AF4007F7FEC /* Sources */ = {
			isa = PBXSourcesBuildPhase;
			buildActionMask = 2147483647;
			files = (
				4AA8966C26493AF4007F7FEC /* ViewController.swift in Sources */,
				4AA8966826493AF4007F7FEC /* AppDelegate.swift in Sources */,
				4AA8966A26493AF4007F7FEC /* SceneDelegate.swift in Sources */,
			);
			runOnlyForDeploymentPostprocessing = 0;
		};
		4AA8967626493AF5007F7FEC /* Sources */ = {
			isa = PBXSourcesBuildPhase;
			buildActionMask = 2147483647;
			files = (
				4AA8967F26493AF5007F7FEC /* SpaceXTests.swift in Sources */,
			);
			runOnlyForDeploymentPostprocessing = 0;
		};
		4AA8968126493AF5007F7FEC /* Sources */ = {
			isa = PBXSourcesBuildPhase;
			buildActionMask = 2147483647;
			files = (
				4AA8968A26493AF5007F7FEC /* SpaceXUITests.swift in Sources */,
			);
			runOnlyForDeploymentPostprocessing = 0;
		};
/* End PBXSourcesBuildPhase section */

/* Begin PBXTargetDependency section */
		4AA8967C26493AF5007F7FEC /* PBXTargetDependency */ = {
			isa = PBXTargetDependency;
			target = 4AA8966326493AF4007F7FEC /* SpaceX */;
			targetProxy = 4AA8967B26493AF5007F7FEC /* PBXContainerItemProxy */;
		};
		4AA8968726493AF5007F7FEC /* PBXTargetDependency */ = {
			isa = PBXTargetDependency;
			target = 4AA8966326493AF4007F7FEC /* SpaceX */;
			targetProxy = 4AA8968626493AF5007F7FEC /* PBXContainerItemProxy */;
		};
/* End PBXTargetDependency section */

/* Begin PBXVariantGroup section */
		4AA8966D26493AF4007F7FEC /* Main.storyboard */ = {
			isa = PBXVariantGroup;
			children = (
				4AA8966E26493AF4007F7FEC /* Base */,
			);
			name = Main.storyboard;
			sourceTree = "<group>";
		};
		4AA8967226493AF5007F7FEC /* LaunchScreen.storyboard */ = {
			isa = PBXVariantGroup;
			children = (
				4AA8967326493AF5007F7FEC /* Base */,
			);
			name = LaunchScreen.storyboard;
			sourceTree = "<group>";
		};
/* End PBXVariantGroup section */

/* Begin XCBuildConfiguration section */
		4AA8968C26493AF5007F7FEC /* Debug */ = {
			isa = XCBuildConfiguration;
			buildSettings = {
				ALWAYS_SEARCH_USER_PATHS = NO;
				CLANG_ANALYZER_NONNULL = YES;
				CLANG_ANALYZER_NUMBER_OBJECT_CONVERSION = YES_AGGRESSIVE;
				CLANG_CXX_LANGUAGE_STANDARD = "gnu++14";
				CLANG_CXX_LIBRARY = "libc++";
				CLANG_ENABLE_MODULES = YES;
				CLANG_ENABLE_OBJC_ARC = YES;
				CLANG_ENABLE_OBJC_WEAK = YES;
				CLANG_WARN_BLOCK_CAPTURE_AUTORELEASING = YES;
				CLANG_WARN_BOOL_CONVERSION = YES;
				CLANG_WARN_COMMA = YES;
				CLANG_WARN_CONSTANT_CONVERSION = YES;
				CLANG_WARN_DEPRECATED_OBJC_IMPLEMENTATIONS = YES;
				CLANG_WARN_DIRECT_OBJC_ISA_USAGE = YES_ERROR;
				CLANG_WARN_DOCUMENTATION_COMMENTS = YES;
				CLANG_WARN_EMPTY_BODY = YES;
				CLANG_WARN_ENUM_CONVERSION = YES;
				CLANG_WARN_INFINITE_RECURSION = YES;
				CLANG_WARN_INT_CONVERSION = YES;
				CLANG_WARN_NON_LITERAL_NULL_CONVERSION = YES;
				CLANG_WARN_OBJC_IMPLICIT_RETAIN_SELF = YES;
				CLANG_WARN_OBJC_LITERAL_CONVERSION = YES;
				CLANG_WARN_OBJC_ROOT_CLASS = YES_ERROR;
				CLANG_WARN_QUOTED_INCLUDE_IN_FRAMEWORK_HEADER = YES;
				CLANG_WARN_RANGE_LOOP_ANALYSIS = YES;
				CLANG_WARN_STRICT_PROTOTYPES = YES;
				CLANG_WARN_SUSPICIOUS_MOVE = YES;
				CLANG_WARN_UNGUARDED_AVAILABILITY = YES_AGGRESSIVE;
				CLANG_WARN_UNREACHABLE_CODE = YES;
				CLANG_WARN__DUPLICATE_METHOD_MATCH = YES;
				COPY_PHASE_STRIP = NO;
				DEBUG_INFORMATION_FORMAT = dwarf;
				ENABLE_STRICT_OBJC_MSGSEND = YES;
				ENABLE_TESTABILITY = YES;
				GCC_C_LANGUAGE_STANDARD = gnu11;
				GCC_DYNAMIC_NO_PIC = NO;
				GCC_NO_COMMON_BLOCKS = YES;
				GCC_OPTIMIZATION_LEVEL = 0;
				GCC_PREPROCESSOR_DEFINITIONS = (
					"DEBUG=1",
					"$(inherited)",
				);
				GCC_WARN_64_TO_32_BIT_CONVERSION = YES;
				GCC_WARN_ABOUT_RETURN_TYPE = YES_ERROR;
				GCC_WARN_UNDECLARED_SELECTOR = YES;
				GCC_WARN_UNINITIALIZED_AUTOS = YES_AGGRESSIVE;
				GCC_WARN_UNUSED_FUNCTION = YES;
				GCC_WARN_UNUSED_VARIABLE = YES;
				IPHONEOS_DEPLOYMENT_TARGET = 14.4;
				MTL_ENABLE_DEBUG_INFO = INCLUDE_SOURCE;
				MTL_FAST_MATH = YES;
				ONLY_ACTIVE_ARCH = YES;
				SDKROOT = iphoneos;
				SWIFT_ACTIVE_COMPILATION_CONDITIONS = DEBUG;
				SWIFT_OPTIMIZATION_LEVEL = "-Onone";
			};
			name = Debug;
		};
		4AA8968D26493AF5007F7FEC /* Release */ = {
			isa = XCBuildConfiguration;
			buildSettings = {
				ALWAYS_SEARCH_USER_PATHS = NO;
				CLANG_ANALYZER_NONNULL = YES;
				CLANG_ANALYZER_NUMBER_OBJECT_CONVERSION = YES_AGGRESSIVE;
				CLANG_CXX_LANGUAGE_STANDARD = "gnu++14";
				CLANG_CXX_LIBRARY = "libc++";
				CLANG_ENABLE_MODULES = YES;
				CLANG_ENABLE_OBJC_ARC = YES;
				CLANG_ENABLE_OBJC_WEAK = YES;
				CLANG_WARN_BLOCK_CAPTURE_AUTORELEASING = YES;
				CLANG_WARN_BOOL_CONVERSION = YES;
				CLANG_WARN_COMMA = YES;
				CLANG_WARN_CONSTANT_CONVERSION = YES;
				CLANG_WARN_DEPRECATED_OBJC_IMPLEMENTATIONS = YES;
				CLANG_WARN_DIRECT_OBJC_ISA_USAGE = YES_ERROR;
				CLANG_WARN_DOCUMENTATION_COMMENTS = YES;
				CLANG_WARN_EMPTY_BODY = YES;
				CLANG_WARN_ENUM_CONVERSION = YES;
				CLANG_WARN_INFINITE_RECURSION = YES;
				CLANG_WARN_INT_CONVERSION = YES;
				CLANG_WARN_NON_LITERAL_NULL_CONVERSION = YES;
				CLANG_WARN_OBJC_IMPLICIT_RETAIN_SELF = YES;
				CLANG_WARN_OBJC_LITERAL_CONVERSION = YES;
				CLANG_WARN_OBJC_ROOT_CLASS = YES_ERROR;
				CLANG_WARN_QUOTED_INCLUDE_IN_FRAMEWORK_HEADER = YES;
				CLANG_WARN_RANGE_LOOP_ANALYSIS = YES;
				CLANG_WARN_STRICT_PROTOTYPES = YES;
				CLANG_WARN_SUSPICIOUS_MOVE = YES;
				CLANG_WARN_UNGUARDED_AVAILABILITY = YES_AGGRESSIVE;
				CLANG_WARN_UNREACHABLE_CODE = YES;
				CLANG_WARN__DUPLICATE_METHOD_MATCH = YES;
				COPY_PHASE_STRIP = NO;
				DEBUG_INFORMATION_FORMAT = "dwarf-with-dsym";
				ENABLE_NS_ASSERTIONS = NO;
				ENABLE_STRICT_OBJC_MSGSEND = YES;
				GCC_C_LANGUAGE_STANDARD = gnu11;
				GCC_NO_COMMON_BLOCKS = YES;
				GCC_WARN_64_TO_32_BIT_CONVERSION = YES;
				GCC_WARN_ABOUT_RETURN_TYPE = YES_ERROR;
				GCC_WARN_UNDECLARED_SELECTOR = YES;
				GCC_WARN_UNINITIALIZED_AUTOS = YES_AGGRESSIVE;
				GCC_WARN_UNUSED_FUNCTION = YES;
				GCC_WARN_UNUSED_VARIABLE = YES;
				IPHONEOS_DEPLOYMENT_TARGET = 14.4;
				MTL_ENABLE_DEBUG_INFO = NO;
				MTL_FAST_MATH = YES;
				SDKROOT = iphoneos;
				SWIFT_COMPILATION_MODE = wholemodule;
				SWIFT_OPTIMIZATION_LEVEL = "-O";
				VALIDATE_PRODUCT = YES;
			};
			name = Release;
		};
		4AA8968F26493AF5007F7FEC /* Debug */ = {
			isa = XCBuildConfiguration;
			buildSettings = {
				ASSETCATALOG_COMPILER_APPICON_NAME = AppIcon;
				ASSETCATALOG_COMPILER_GLOBAL_ACCENT_COLOR_NAME = AccentColor;
				CODE_SIGN_STYLE = Automatic;
				INFOPLIST_FILE = SpaceX/Info.plist;
				LD_RUNPATH_SEARCH_PATHS = (
					"$(inherited)",
					"@executable_path/Frameworks",
				);
				PRODUCT_BUNDLE_IDENTIFIER = com.aecobb.SpaceX;
				PRODUCT_NAME = "$(TARGET_NAME)";
				SWIFT_VERSION = 5.0;
				TARGETED_DEVICE_FAMILY = "1,2";
			};
			name = Debug;
		};
		4AA8969026493AF5007F7FEC /* Release */ = {
			isa = XCBuildConfiguration;
			buildSettings = {
				ASSETCATALOG_COMPILER_APPICON_NAME = AppIcon;
				ASSETCATALOG_COMPILER_GLOBAL_ACCENT_COLOR_NAME = AccentColor;
				CODE_SIGN_STYLE = Automatic;
				INFOPLIST_FILE = SpaceX/Info.plist;
				LD_RUNPATH_SEARCH_PATHS = (
					"$(inherited)",
					"@executable_path/Frameworks",
				);
				PRODUCT_BUNDLE_IDENTIFIER = com.aecobb.SpaceX;
				PRODUCT_NAME = "$(TARGET_NAME)";
				SWIFT_VERSION = 5.0;
				TARGETED_DEVICE_FAMILY = "1,2";
			};
			name = Release;
		};
		4AA8969226493AF5007F7FEC /* Debug */ = {
			isa = XCBuildConfiguration;
			buildSettings = {
				ALWAYS_EMBED_SWIFT_STANDARD_LIBRARIES = YES;
				BUNDLE_LOADER = "$(TEST_HOST)";
				CODE_SIGN_STYLE = Automatic;
				INFOPLIST_FILE = SpaceXTests/Info.plist;
				IPHONEOS_DEPLOYMENT_TARGET = 14.4;
				LD_RUNPATH_SEARCH_PATHS = (
					"$(inherited)",
					"@executable_path/Frameworks",
					"@loader_path/Frameworks",
				);
				PRODUCT_BUNDLE_IDENTIFIER = com.aecobb.SpaceXTests;
				PRODUCT_NAME = "$(TARGET_NAME)";
				SWIFT_VERSION = 5.0;
				TARGETED_DEVICE_FAMILY = "1,2";
				TEST_HOST = "$(BUILT_PRODUCTS_DIR)/SpaceX.app/SpaceX";
			};
			name = Debug;
		};
		4AA8969326493AF5007F7FEC /* Release */ = {
			isa = XCBuildConfiguration;
			buildSettings = {
				ALWAYS_EMBED_SWIFT_STANDARD_LIBRARIES = YES;
				BUNDLE_LOADER = "$(TEST_HOST)";
				CODE_SIGN_STYLE = Automatic;
				INFOPLIST_FILE = SpaceXTests/Info.plist;
				IPHONEOS_DEPLOYMENT_TARGET = 14.4;
				LD_RUNPATH_SEARCH_PATHS = (
					"$(inherited)",
					"@executable_path/Frameworks",
					"@loader_path/Frameworks",
				);
				PRODUCT_BUNDLE_IDENTIFIER = com.aecobb.SpaceXTests;
				PRODUCT_NAME = "$(TARGET_NAME)";
				SWIFT_VERSION = 5.0;
				TARGETED_DEVICE_FAMILY = "1,2";
				TEST_HOST = "$(BUILT_PRODUCTS_DIR)/SpaceX.app/SpaceX";
			};
			name = Release;
		};
		4AA8969526493AF5007F7FEC /* Debug */ = {
			isa = XCBuildConfiguration;
			buildSettings = {
				ALWAYS_EMBED_SWIFT_STANDARD_LIBRARIES = YES;
				CODE_SIGN_STYLE = Automatic;
				INFOPLIST_FILE = SpaceXUITests/Info.plist;
				LD_RUNPATH_SEARCH_PATHS = (
					"$(inherited)",
					"@executable_path/Frameworks",
					"@loader_path/Frameworks",
				);
				PRODUCT_BUNDLE_IDENTIFIER = com.aecobb.SpaceXUITests;
				PRODUCT_NAME = "$(TARGET_NAME)";
				SWIFT_VERSION = 5.0;
				TARGETED_DEVICE_FAMILY = "1,2";
				TEST_TARGET_NAME = SpaceX;
			};
			name = Debug;
		};
		4AA8969626493AF5007F7FEC /* Release */ = {
			isa = XCBuildConfiguration;
			buildSettings = {
				ALWAYS_EMBED_SWIFT_STANDARD_LIBRARIES = YES;
				CODE_SIGN_STYLE = Automatic;
				INFOPLIST_FILE = SpaceXUITests/Info.plist;
				LD_RUNPATH_SEARCH_PATHS = (
					"$(inherited)",
					"@executable_path/Frameworks",
					"@loader_path/Frameworks",
				);
				PRODUCT_BUNDLE_IDENTIFIER = com.aecobb.SpaceXUITests;
				PRODUCT_NAME = "$(TARGET_NAME)";
				SWIFT_VERSION = 5.0;
				TARGETED_DEVICE_FAMILY = "1,2";
				TEST_TARGET_NAME = SpaceX;
			};
			name = Release;
		};
/* End XCBuildConfiguration section */

/* Begin XCConfigurationList section */
		4AA8965F26493AF4007F7FEC /* Build configuration list for PBXProject "SpaceX" */ = {
			isa = XCConfigurationList;
			buildConfigurations = (
				4AA8968C26493AF5007F7FEC /* Debug */,
				4AA8968D26493AF5007F7FEC /* Release */,
			);
			defaultConfigurationIsVisible = 0;
			defaultConfigurationName = Release;
		};
		4AA8968E26493AF5007F7FEC /* Build configuration list for PBXNativeTarget "SpaceX" */ = {
			isa = XCConfigurationList;
			buildConfigurations = (
				4AA8968F26493AF5007F7FEC /* Debug */,
				4AA8969026493AF5007F7FEC /* Release */,
			);
			defaultConfigurationIsVisible = 0;
			defaultConfigurationName = Release;
		};
		4AA8969126493AF5007F7FEC /* Build configuration list for PBXNativeTarget "SpaceXTests" */ = {
			isa = XCConfigurationList;
			buildConfigurations = (
				4AA8969226493AF5007F7FEC /* Debug */,
				4AA8969326493AF5007F7FEC /* Release */,
			);
			defaultConfigurationIsVisible = 0;
			defaultConfigurationName = Release;
		};
		4AA8969426493AF5007F7FEC /* Build configuration list for PBXNativeTarget "SpaceXUITests" */ = {
			isa = XCConfigurationList;
			buildConfigurations = (
				4AA8969526493AF5007F7FEC /* Debug */,
				4AA8969626493AF5007F7FEC /* Release */,
			);
			defaultConfigurationIsVisible = 0;
			defaultConfigurationName = Release;
		};
/* End XCConfigurationList section */
	};
	rootObject = 4AA8965C26493AF4007F7FEC /* Project object */;
}
